// !$*UTF8*$!
{
	archiveVersion = 1;
	classes = {
	};
	objectVersion = 45;
	objects = {

/* Begin PBXBuildFile section */
		1D3623260D0F684500981E51 /* PhotoViewerDemoAppDelegate.m in Sources */ = {isa = PBXBuildFile; fileRef = 1D3623250D0F684500981E51 /* PhotoViewerDemoAppDelegate.m */; };
		1D60589B0D05DD56006BFB54 /* main.m in Sources */ = {isa = PBXBuildFile; fileRef = 29B97316FDCFA39411CA2CEA /* main.m */; };
		1D60589F0D05DD5A006BFB54 /* Foundation.framework in Frameworks */ = {isa = PBXBuildFile; fileRef = 1D30AB110D05D00D00671497 /* Foundation.framework */; };
		1DF5F4E00D08C38300B7A737 /* UIKit.framework in Frameworks */ = {isa = PBXBuildFile; fileRef = 1DF5F4DF0D08C38300B7A737 /* UIKit.framework */; };
		28333DC310BB47B1002BC377 /* libPhotoViewer-device.a in Frameworks */ = {isa = PBXBuildFile; fileRef = 28333DBD10BB47B1002BC377 /* libPhotoViewer-device.a */; };
		28333DC410BB47B1002BC377 /* libPhotoViewer-simulator.a in Frameworks */ = {isa = PBXBuildFile; fileRef = 28333DBE10BB47B1002BC377 /* libPhotoViewer-simulator.a */; };
		28333DC510BB47B1002BC377 /* pv_img_nextIcon.png in Resources */ = {isa = PBXBuildFile; fileRef = 28333DC010BB47B1002BC377 /* pv_img_nextIcon.png */; };
		28333DC610BB47B1002BC377 /* pv_img_photoDefault.png in Resources */ = {isa = PBXBuildFile; fileRef = 28333DC110BB47B1002BC377 /* pv_img_photoDefault.png */; };
		28333DC710BB47B1002BC377 /* pv_img_previousIcon.png in Resources */ = {isa = PBXBuildFile; fileRef = 28333DC210BB47B1002BC377 /* pv_img_previousIcon.png */; };
		286D1B8510BADD7A00093AD8 /* MockPhotoSource.m in Sources */ = {isa = PBXBuildFile; fileRef = 286D1B7E10BADD7A00093AD8 /* MockPhotoSource.m */; };
		286D1B8610BADD7A00093AD8 /* PhotoTest1Controller.m in Sources */ = {isa = PBXBuildFile; fileRef = 286D1B8110BADD7A00093AD8 /* PhotoTest1Controller.m */; };
		286D1B8710BADD7A00093AD8 /* PhotoTest2Controller.m in Sources */ = {isa = PBXBuildFile; fileRef = 286D1B8410BADD7A00093AD8 /* PhotoTest2Controller.m */; };
		286D1BDB10BADEC700093AD8 /* QuartzCore.framework in Frameworks */ = {isa = PBXBuildFile; fileRef = 286D1BDA10BADEC700093AD8 /* QuartzCore.framework */; };
		2892E4100DC94CBA00A64D0F /* CoreGraphics.framework in Frameworks */ = {isa = PBXBuildFile; fileRef = 2892E40F0DC94CBA00A64D0F /* CoreGraphics.framework */; };
		28AD73600D9D9599002E5188 /* MainWindow.xib in Resources */ = {isa = PBXBuildFile; fileRef = 28AD735F0D9D9599002E5188 /* MainWindow.xib */; };
		28C286E10D94DF7D0034E888 /* RootViewController.m in Sources */ = {isa = PBXBuildFile; fileRef = 28C286E00D94DF7D0034E888 /* RootViewController.m */; };
		28F335F11007B36200424DE2 /* RootViewController.xib in Resources */ = {isa = PBXBuildFile; fileRef = 28F335F01007B36200424DE2 /* RootViewController.xib */; };
/* End PBXBuildFile section */

/* Begin PBXFileReference section */
		1D30AB110D05D00D00671497 /* Foundation.framework */ = {isa = PBXFileReference; lastKnownFileType = wrapper.framework; name = Foundation.framework; path = System/Library/Frameworks/Foundation.framework; sourceTree = SDKROOT; };
		1D3623240D0F684500981E51 /* PhotoViewerDemoAppDelegate.h */ = {isa = PBXFileReference; fileEncoding = 4; lastKnownFileType = sourcecode.c.h; path = PhotoViewerDemoAppDelegate.h; sourceTree = "<group>"; };
		1D3623250D0F684500981E51 /* PhotoViewerDemoAppDelegate.m */ = {isa = PBXFileReference; fileEncoding = 4; lastKnownFileType = sourcecode.c.objc; path = PhotoViewerDemoAppDelegate.m; sourceTree = "<group>"; };
		1D6058910D05DD3D006BFB54 /* PhotoViewerDemo.app */ = {isa = PBXFileReference; explicitFileType = wrapper.application; includeInIndex = 0; path = PhotoViewerDemo.app; sourceTree = BUILT_PRODUCTS_DIR; };
		1DF5F4DF0D08C38300B7A737 /* UIKit.framework */ = {isa = PBXFileReference; lastKnownFileType = wrapper.framework; name = UIKit.framework; path = System/Library/Frameworks/UIKit.framework; sourceTree = SDKROOT; };
		28333DAC10BB47B1002BC377 /* PhotoViewer.h */ = {isa = PBXFileReference; fileEncoding = 4; lastKnownFileType = sourcecode.c.h; path = PhotoViewer.h; sourceTree = "<group>"; };
		28333DAD10BB47B1002BC377 /* PVGlobal.h */ = {isa = PBXFileReference; fileEncoding = 4; lastKnownFileType = sourcecode.c.h; path = PVGlobal.h; sourceTree = "<group>"; };
		28333DAE10BB47B1002BC377 /* PVImageView.h */ = {isa = PBXFileReference; fileEncoding = 4; lastKnownFileType = sourcecode.c.h; path = PVImageView.h; sourceTree = "<group>"; };
		28333DAF10BB47B1002BC377 /* PVLabel.h */ = {isa = PBXFileReference; fileEncoding = 4; lastKnownFileType = sourcecode.c.h; path = PVLabel.h; sourceTree = "<group>"; };
		28333DB010BB47B1002BC377 /* PVModel.h */ = {isa = PBXFileReference; fileEncoding = 4; lastKnownFileType = sourcecode.c.h; path = PVModel.h; sourceTree = "<group>"; };
		28333DB110BB47B1002BC377 /* PVPhotoSource.h */ = {isa = PBXFileReference; fileEncoding = 4; lastKnownFileType = sourcecode.c.h; path = PVPhotoSource.h; sourceTree = "<group>"; };
		28333DB210BB47B1002BC377 /* PVPhotoView.h */ = {isa = PBXFileReference; fileEncoding = 4; lastKnownFileType = sourcecode.c.h; path = PVPhotoView.h; sourceTree = "<group>"; };
		28333DB310BB47B1002BC377 /* PVPhotoViewController.h */ = {isa = PBXFileReference; fileEncoding = 4; lastKnownFileType = sourcecode.c.h; path = PVPhotoViewController.h; sourceTree = "<group>"; };
		28333DB410BB47B1002BC377 /* PVScrollView.h */ = {isa = PBXFileReference; fileEncoding = 4; lastKnownFileType = sourcecode.c.h; path = PVScrollView.h; sourceTree = "<group>"; };
		28333DB510BB47B1002BC377 /* PVThumbsViewController.h */ = {isa = PBXFileReference; fileEncoding = 4; lastKnownFileType = sourcecode.c.h; path = PVThumbsViewController.h; sourceTree = "<group>"; };
		28333DB610BB47B1002BC377 /* PVURLCache.h */ = {isa = PBXFileReference; fileEncoding = 4; lastKnownFileType = sourcecode.c.h; path = PVURLCache.h; sourceTree = "<group>"; };
		28333DB710BB47B1002BC377 /* PVURLRequest.h */ = {isa = PBXFileReference; fileEncoding = 4; lastKnownFileType = sourcecode.c.h; path = PVURLRequest.h; sourceTree = "<group>"; };
		28333DB810BB47B1002BC377 /* PVURLRequestQueue.h */ = {isa = PBXFileReference; fileEncoding = 4; lastKnownFileType = sourcecode.c.h; path = PVURLRequestQueue.h; sourceTree = "<group>"; };
		28333DB910BB47B1002BC377 /* PVURLResponse.h */ = {isa = PBXFileReference; fileEncoding = 4; lastKnownFileType = sourcecode.c.h; path = PVURLResponse.h; sourceTree = "<group>"; };
		28333DBA10BB47B1002BC377 /* PVView.h */ = {isa = PBXFileReference; fileEncoding = 4; lastKnownFileType = sourcecode.c.h; path = PVView.h; sourceTree = "<group>"; };
		28333DBB10BB47B1002BC377 /* UIToolbarAdditions.h */ = {isa = PBXFileReference; fileEncoding = 4; lastKnownFileType = sourcecode.c.h; path = UIToolbarAdditions.h; sourceTree = "<group>"; };
		28333DBC10BB47B1002BC377 /* UIViewControllerAdditions.h */ = {isa = PBXFileReference; fileEncoding = 4; lastKnownFileType = sourcecode.c.h; path = UIViewControllerAdditions.h; sourceTree = "<group>"; };
		28333DBD10BB47B1002BC377 /* libPhotoViewer-device.a */ = {isa = PBXFileReference; lastKnownFileType = archive.ar; path = "libPhotoViewer-device.a"; sourceTree = "<group>"; };
		28333DBE10BB47B1002BC377 /* libPhotoViewer-simulator.a */ = {isa = PBXFileReference; lastKnownFileType = archive.ar; path = "libPhotoViewer-simulator.a"; sourceTree = "<group>"; };
		28333DC010BB47B1002BC377 /* pv_img_nextIcon.png */ = {isa = PBXFileReference; lastKnownFileType = image.png; path = pv_img_nextIcon.png; sourceTree = "<group>"; };
		28333DC110BB47B1002BC377 /* pv_img_photoDefault.png */ = {isa = PBXFileReference; lastKnownFileType = image.png; path = pv_img_photoDefault.png; sourceTree = "<group>"; };
		28333DC210BB47B1002BC377 /* pv_img_previousIcon.png */ = {isa = PBXFileReference; lastKnownFileType = image.png; path = pv_img_previousIcon.png; sourceTree = "<group>"; };
		286D1B7D10BADD7A00093AD8 /* MockPhotoSource.h */ = {isa = PBXFileReference; fileEncoding = 4; lastKnownFileType = sourcecode.c.h; path = MockPhotoSource.h; sourceTree = "<group>"; };
		286D1B7E10BADD7A00093AD8 /* MockPhotoSource.m */ = {isa = PBXFileReference; fileEncoding = 4; lastKnownFileType = sourcecode.c.objc; path = MockPhotoSource.m; sourceTree = "<group>"; };
		286D1B8010BADD7A00093AD8 /* PhotoTest1Controller.h */ = {isa = PBXFileReference; fileEncoding = 4; lastKnownFileType = sourcecode.c.h; path = PhotoTest1Controller.h; sourceTree = "<group>"; };
		286D1B8110BADD7A00093AD8 /* PhotoTest1Controller.m */ = {isa = PBXFileReference; fileEncoding = 4; lastKnownFileType = sourcecode.c.objc; path = PhotoTest1Controller.m; sourceTree = "<group>"; };
		286D1B8310BADD7A00093AD8 /* PhotoTest2Controller.h */ = {isa = PBXFileReference; fileEncoding = 4; lastKnownFileType = sourcecode.c.h; path = PhotoTest2Controller.h; sourceTree = "<group>"; };
		286D1B8410BADD7A00093AD8 /* PhotoTest2Controller.m */ = {isa = PBXFileReference; fileEncoding = 4; lastKnownFileType = sourcecode.c.objc; path = PhotoTest2Controller.m; sourceTree = "<group>"; };
		286D1BDA10BADEC700093AD8 /* QuartzCore.framework */ = {isa = PBXFileReference; lastKnownFileType = wrapper.framework; name = QuartzCore.framework; path = System/Library/Frameworks/QuartzCore.framework; sourceTree = SDKROOT; };
		2892E40F0DC94CBA00A64D0F /* CoreGraphics.framework */ = {isa = PBXFileReference; lastKnownFileType = wrapper.framework; name = CoreGraphics.framework; path = System/Library/Frameworks/CoreGraphics.framework; sourceTree = SDKROOT; };
		28A0AAE50D9B0CCF005BE974 /* PhotoViewerDemo_Prefix.pch */ = {isa = PBXFileReference; fileEncoding = 4; lastKnownFileType = sourcecode.c.h; path = PhotoViewerDemo_Prefix.pch; sourceTree = "<group>"; };
		28AD735F0D9D9599002E5188 /* MainWindow.xib */ = {isa = PBXFileReference; lastKnownFileType = file.xib; path = MainWindow.xib; sourceTree = "<group>"; };
		28C286DF0D94DF7D0034E888 /* RootViewController.h */ = {isa = PBXFileReference; fileEncoding = 4; lastKnownFileType = sourcecode.c.h; path = RootViewController.h; sourceTree = "<group>"; };
		28C286E00D94DF7D0034E888 /* RootViewController.m */ = {isa = PBXFileReference; fileEncoding = 4; lastKnownFileType = sourcecode.c.objc; path = RootViewController.m; sourceTree = "<group>"; };
		28F335F01007B36200424DE2 /* RootViewController.xib */ = {isa = PBXFileReference; lastKnownFileType = file.xib; path = RootViewController.xib; sourceTree = "<group>"; };
		29B97316FDCFA39411CA2CEA /* main.m */ = {isa = PBXFileReference; fileEncoding = 4; lastKnownFileType = sourcecode.c.objc; path = main.m; sourceTree = "<group>"; };
		8D1107310486CEB800E47090 /* PhotoViewerDemo-Info.plist */ = {isa = PBXFileReference; fileEncoding = 4; lastKnownFileType = text.plist.xml; path = "PhotoViewerDemo-Info.plist"; plistStructureDefinitionIdentifier = "com.apple.xcode.plist.structure-definition.iphone.info-plist"; sourceTree = "<group>"; };
/* End PBXFileReference section */

/* Begin PBXFrameworksBuildPhase section */
		1D60588F0D05DD3D006BFB54 /* Frameworks */ = {
			isa = PBXFrameworksBuildPhase;
			buildActionMask = 2147483647;
			files = (
				1D60589F0D05DD5A006BFB54 /* Foundation.framework in Frameworks */,
				1DF5F4E00D08C38300B7A737 /* UIKit.framework in Frameworks */,
				2892E4100DC94CBA00A64D0F /* CoreGraphics.framework in Frameworks */,
				286D1BDB10BADEC700093AD8 /* QuartzCore.framework in Frameworks */,
				28333DC310BB47B1002BC377 /* libPhotoViewer-device.a in Frameworks */,
				28333DC410BB47B1002BC377 /* libPhotoViewer-simulator.a in Frameworks */,
			);
			runOnlyForDeploymentPostprocessing = 0;
		};
/* End PBXFrameworksBuildPhase section */

/* Begin PBXGroup section */
		080E96DDFE201D6D7F000001 /* Classes */ = {
			isa = PBXGroup;
			children = (
				28C286DF0D94DF7D0034E888 /* RootViewController.h */,
				28C286E00D94DF7D0034E888 /* RootViewController.m */,
				1D3623240D0F684500981E51 /* PhotoViewerDemoAppDelegate.h */,
				1D3623250D0F684500981E51 /* PhotoViewerDemoAppDelegate.m */,
				286D1B7C10BADD7A00093AD8 /* Photos */,
			);
			path = Classes;
			sourceTree = "<group>";
		};
		19C28FACFE9D520D11CA2CBB /* Products */ = {
			isa = PBXGroup;
			children = (
				1D6058910D05DD3D006BFB54 /* PhotoViewerDemo.app */,
			);
			name = Products;
			sourceTree = "<group>";
		};
		28333DAA10BB47B1002BC377 /* PhotoViewer.fmwk */ = {
			isa = PBXGroup;
			children = (
				28333DAB10BB47B1002BC377 /* Headers */,
				28333DBD10BB47B1002BC377 /* libPhotoViewer-device.a */,
				28333DBE10BB47B1002BC377 /* libPhotoViewer-simulator.a */,
				28333DBF10BB47B1002BC377 /* Resources */,
			);
			name = PhotoViewer.fmwk;
			path = "../Library/build/Release-universal/PhotoViewer.fmwk";
			sourceTree = SOURCE_ROOT;
		};
		28333DAB10BB47B1002BC377 /* Headers */ = {
			isa = PBXGroup;
			children = (
				28333DAC10BB47B1002BC377 /* PhotoViewer.h */,
				28333DAD10BB47B1002BC377 /* PVGlobal.h */,
				28333DAE10BB47B1002BC377 /* PVImageView.h */,
				28333DAF10BB47B1002BC377 /* PVLabel.h */,
				28333DB010BB47B1002BC377 /* PVModel.h */,
				28333DB110BB47B1002BC377 /* PVPhotoSource.h */,
				28333DB210BB47B1002BC377 /* PVPhotoView.h */,
				28333DB310BB47B1002BC377 /* PVPhotoViewController.h */,
				28333DB410BB47B1002BC377 /* PVScrollView.h */,
				28333DB510BB47B1002BC377 /* PVThumbsViewController.h */,
				28333DB610BB47B1002BC377 /* PVURLCache.h */,
				28333DB710BB47B1002BC377 /* PVURLRequest.h */,
				28333DB810BB47B1002BC377 /* PVURLRequestQueue.h */,
				28333DB910BB47B1002BC377 /* PVURLResponse.h */,
				28333DBA10BB47B1002BC377 /* PVView.h */,
				28333DBB10BB47B1002BC377 /* UIToolbarAdditions.h */,
				28333DBC10BB47B1002BC377 /* UIViewControllerAdditions.h */,
			);
			path = Headers;
			sourceTree = "<group>";
		};
		28333DBF10BB47B1002BC377 /* Resources */ = {
			isa = PBXGroup;
			children = (
				28333DC010BB47B1002BC377 /* pv_img_nextIcon.png */,
				28333DC110BB47B1002BC377 /* pv_img_photoDefault.png */,
				28333DC210BB47B1002BC377 /* pv_img_previousIcon.png */,
			);
			path = Resources;
			sourceTree = "<group>";
		};
		286D1B7C10BADD7A00093AD8 /* Photos */ = {
			isa = PBXGroup;
			children = (
				286D1B8210BADD7A00093AD8 /* Photo Thumbnails */,
				286D1B7F10BADD7A00093AD8 /* Photo Browser */,
				286D1B7D10BADD7A00093AD8 /* MockPhotoSource.h */,
				286D1B7E10BADD7A00093AD8 /* MockPhotoSource.m */,
			);
			name = Photos;
			sourceTree = "<group>";
		};
		286D1B7F10BADD7A00093AD8 /* Photo Browser */ = {
			isa = PBXGroup;
			children = (
				286D1B8010BADD7A00093AD8 /* PhotoTest1Controller.h */,
				286D1B8110BADD7A00093AD8 /* PhotoTest1Controller.m */,
			);
			name = "Photo Browser";
			sourceTree = "<group>";
		};
		286D1B8210BADD7A00093AD8 /* Photo Thumbnails */ = {
			isa = PBXGroup;
			children = (
				286D1B8310BADD7A00093AD8 /* PhotoTest2Controller.h */,
				286D1B8410BADD7A00093AD8 /* PhotoTest2Controller.m */,
			);
			name = "Photo Thumbnails";
			sourceTree = "<group>";
		};
		29B97314FDCFA39411CA2CEA /* CustomTemplate */ = {
			isa = PBXGroup;
			children = (
				080E96DDFE201D6D7F000001 /* Classes */,
				29B97315FDCFA39411CA2CEA /* Other Sources */,
				29B97317FDCFA39411CA2CEA /* Resources */,
				29B97323FDCFA39411CA2CEA /* Frameworks */,
				19C28FACFE9D520D11CA2CBB /* Products */,
			);
			name = CustomTemplate;
			sourceTree = "<group>";
		};
		29B97315FDCFA39411CA2CEA /* Other Sources */ = {
			isa = PBXGroup;
			children = (
				28A0AAE50D9B0CCF005BE974 /* PhotoViewerDemo_Prefix.pch */,
				29B97316FDCFA39411CA2CEA /* main.m */,
			);
			name = "Other Sources";
			sourceTree = "<group>";
		};
		29B97317FDCFA39411CA2CEA /* Resources */ = {
			isa = PBXGroup;
			children = (
				28F335F01007B36200424DE2 /* RootViewController.xib */,
				28AD735F0D9D9599002E5188 /* MainWindow.xib */,
				8D1107310486CEB800E47090 /* PhotoViewerDemo-Info.plist */,
			);
			name = Resources;
			sourceTree = "<group>";
		};
		29B97323FDCFA39411CA2CEA /* Frameworks */ = {
			isa = PBXGroup;
			children = (
				28333DAA10BB47B1002BC377 /* PhotoViewer.fmwk */,
				286D1BDA10BADEC700093AD8 /* QuartzCore.framework */,
				1DF5F4DF0D08C38300B7A737 /* UIKit.framework */,
				1D30AB110D05D00D00671497 /* Foundation.framework */,
				2892E40F0DC94CBA00A64D0F /* CoreGraphics.framework */,
			);
			name = Frameworks;
			sourceTree = "<group>";
		};
/* End PBXGroup section */

/* Begin PBXNativeTarget section */
		1D6058900D05DD3D006BFB54 /* PhotoViewerDemo */ = {
			isa = PBXNativeTarget;
			buildConfigurationList = 1D6058960D05DD3E006BFB54 /* Build configuration list for PBXNativeTarget "PhotoViewerDemo" */;
			buildPhases = (
				1D60588D0D05DD3D006BFB54 /* Resources */,
				1D60588E0D05DD3D006BFB54 /* Sources */,
				1D60588F0D05DD3D006BFB54 /* Frameworks */,
			);
			buildRules = (
			);
			dependencies = (
			);
			name = PhotoViewerDemo;
			productName = PhotoViewerDemo;
			productReference = 1D6058910D05DD3D006BFB54 /* PhotoViewerDemo.app */;
			productType = "com.apple.product-type.application";
		};
/* End PBXNativeTarget section */

/* Begin PBXProject section */
		29B97313FDCFA39411CA2CEA /* Project object */ = {
			isa = PBXProject;
			buildConfigurationList = C01FCF4E08A954540054247B /* Build configuration list for PBXProject "PhotoViewerDemo" */;
			compatibilityVersion = "Xcode 3.1";
			hasScannedForEncodings = 1;
			knownRegions = (
				English,
				Japanese,
				French,
				German,
				en,
			);
			mainGroup = 29B97314FDCFA39411CA2CEA /* CustomTemplate */;
			projectDirPath = "";
			projectRoot = "";
			targets = (
				1D6058900D05DD3D006BFB54 /* PhotoViewerDemo */,
			);
		};
/* End PBXProject section */

/* Begin PBXResourcesBuildPhase section */
		1D60588D0D05DD3D006BFB54 /* Resources */ = {
			isa = PBXResourcesBuildPhase;
			buildActionMask = 2147483647;
			files = (
				28AD73600D9D9599002E5188 /* MainWindow.xib in Resources */,
				28F335F11007B36200424DE2 /* RootViewController.xib in Resources */,
				28333DC510BB47B1002BC377 /* pv_img_nextIcon.png in Resources */,
				28333DC610BB47B1002BC377 /* pv_img_photoDefault.png in Resources */,
				28333DC710BB47B1002BC377 /* pv_img_previousIcon.png in Resources */,
			);
			runOnlyForDeploymentPostprocessing = 0;
		};
/* End PBXResourcesBuildPhase section */

/* Begin PBXSourcesBuildPhase section */
		1D60588E0D05DD3D006BFB54 /* Sources */ = {
			isa = PBXSourcesBuildPhase;
			buildActionMask = 2147483647;
			files = (
				1D60589B0D05DD56006BFB54 /* main.m in Sources */,
				1D3623260D0F684500981E51 /* PhotoViewerDemoAppDelegate.m in Sources */,
				28C286E10D94DF7D0034E888 /* RootViewController.m in Sources */,
				286D1B8510BADD7A00093AD8 /* MockPhotoSource.m in Sources */,
				286D1B8610BADD7A00093AD8 /* PhotoTest1Controller.m in Sources */,
				286D1B8710BADD7A00093AD8 /* PhotoTest2Controller.m in Sources */,
			);
			runOnlyForDeploymentPostprocessing = 0;
		};
/* End PBXSourcesBuildPhase section */

/* Begin XCBuildConfiguration section */
		1D6058940D05DD3E006BFB54 /* Debug */ = {
			isa = XCBuildConfiguration;
			buildSettings = {
				ALWAYS_SEARCH_USER_PATHS = NO;
				COPY_PHASE_STRIP = NO;
				FRAMEWORK_SEARCH_PATHS = (
					"$(inherited)",
					"\"$(SRCROOT)/../src/build/Debug-iphonesimulator\"",
				);
				GCC_DYNAMIC_NO_PIC = NO;
				GCC_OPTIMIZATION_LEVEL = 0;
				GCC_PRECOMPILE_PREFIX_HEADER = YES;
				GCC_PREFIX_HEADER = PhotoViewerDemo_Prefix.pch;
				INFOPLIST_FILE = "PhotoViewerDemo-Info.plist";
				LIBRARY_SEARCH_PATHS = (
					"$(inherited)",
					"\"$(SRCROOT)/../src/build/Debug-iphonesimulator/PhotoViewer.pkgg\"",
					"\"$(SRCROOT)/../src/build/Release-universal/PhotoViewer.fmwk\"",
					"\"$(SRCROOT)/../Library/build/Release-universal/PhotoViewer.fmwk\"",
				);
				OTHER_LDFLAGS = (
					"-ObjC",
					"-all_load",
				);
				PRODUCT_NAME = PhotoViewerDemo;
			};
			name = Debug;
		};
		1D6058950D05DD3E006BFB54 /* Release */ = {
			isa = XCBuildConfiguration;
			buildSettings = {
				ALWAYS_SEARCH_USER_PATHS = NO;
				COPY_PHASE_STRIP = YES;
				FRAMEWORK_SEARCH_PATHS = (
					"$(inherited)",
					"\"$(SRCROOT)/../src/build/Debug-iphonesimulator\"",
				);
				GCC_PRECOMPILE_PREFIX_HEADER = YES;
				GCC_PREFIX_HEADER = PhotoViewerDemo_Prefix.pch;
				INFOPLIST_FILE = "PhotoViewerDemo-Info.plist";
				LIBRARY_SEARCH_PATHS = (
					"$(inherited)",
					"\"$(SRCROOT)/../src/build/Debug-iphonesimulator/PhotoViewer.pkgg\"",
					"\"$(SRCROOT)/../src/build/Release-universal/PhotoViewer.fmwk\"",
					"\"$(SRCROOT)/../Library/build/Release-universal/PhotoViewer.fmwk\"",
				);
				OTHER_LDFLAGS = (
					"-ObjC",
					"-all_load",
				);
				PRODUCT_NAME = PhotoViewerDemo;
			};
			name = Release;
		};
		C01FCF4F08A954540054247B /* Debug */ = {
			isa = XCBuildConfiguration;
			buildSettings = {
				ARCHS = "$(ARCHS_STANDARD_32_BIT)";
				"CODE_SIGN_IDENTITY[sdk=iphoneos*]" = "iPhone Developer";
				GCC_C_LANGUAGE_STANDARD = c99;
				GCC_WARN_ABOUT_RETURN_TYPE = YES;
				GCC_WARN_UNUSED_VARIABLE = YES;
				PREBINDING = NO;
				SDKROOT = iphoneos3.1.2;
			};
			name = Debug;
		};
		C01FCF5008A954540054247B /* Release */ = {
			isa = XCBuildConfiguration;
			buildSettings = {
				ARCHS = "$(ARCHS_STANDARD_32_BIT)";
				"CODE_SIGN_IDENTITY[sdk=iphoneos*]" = "iPhone Developer";
				GCC_C_LANGUAGE_STANDARD = c99;
				GCC_WARN_ABOUT_RETURN_TYPE = YES;
				GCC_WARN_UNUSED_VARIABLE = YES;
				PREBINDING = NO;
				SDKROOT = iphoneos3.1.2;
			};
			name = Release;
		};
/* End XCBuildConfiguration section */

/* Begin XCConfigurationList section */
		1D6058960D05DD3E006BFB54 /* Build configuration list for PBXNativeTarget "PhotoViewerDemo" */ = {
			isa = XCConfigurationList;
			buildConfigurations = (
				1D6058940D05DD3E006BFB54 /* Debug */,
				1D6058950D05DD3E006BFB54 /* Release */,
			);
			defaultConfigurationIsVisible = 0;
			defaultConfigurationName = Release;
		};
		C01FCF4E08A954540054247B /* Build configuration list for PBXProject "PhotoViewerDemo" */ = {
			isa = XCConfigurationList;
			buildConfigurations = (
				C01FCF4F08A954540054247B /* Debug */,
				C01FCF5008A954540054247B /* Release */,
			);
			defaultConfigurationIsVisible = 0;
			defaultConfigurationName = Release;
		};
/* End XCConfigurationList section */
	};
	rootObject = 29B97313FDCFA39411CA2CEA /* Project object */;
}
