// !$*UTF8*$!
{
	archiveVersion = 1;
	classes = {
	};
	objectVersion = 45;
	objects = {

/* Begin PBXBuildFile section */
		286D1C7E10BAEAEE00093AD8 /* TTThumbsViewController.h in Headers */ = {isa = PBXBuildFile; fileRef = 286D1C7C10BAEAEE00093AD8 /* TTThumbsViewController.h */; };
		286D1C7F10BAEAEE00093AD8 /* TTThumbsViewController.m in Sources */ = {isa = PBXBuildFile; fileRef = 286D1C7D10BAEAEE00093AD8 /* TTThumbsViewController.m */; };
		6E35CCB610912B210066B478 /* NSMutableArrayAdditions.m in Sources */ = {isa = PBXBuildFile; fileRef = 6E35CCB410912B210066B478 /* NSMutableArrayAdditions.m */; };
		6E35CCC210912BE10066B478 /* NSMutableDictionaryAdditions.m in Sources */ = {isa = PBXBuildFile; fileRef = 6E35CCC010912BE10066B478 /* NSMutableDictionaryAdditions.m */; };
		6E35CCFD10912C870066B478 /* NSMutableDictionaryAdditions.h in Headers */ = {isa = PBXBuildFile; fileRef = 6E35CCFB10912C870066B478 /* NSMutableDictionaryAdditions.h */; };
		6E35CCFE10912C870066B478 /* NSMutableArrayAdditions.h in Headers */ = {isa = PBXBuildFile; fileRef = 6E35CCFC10912C870066B478 /* NSMutableArrayAdditions.h */; };
		BE23E798100B13E200F40C3B /* TTModel.h in Headers */ = {isa = PBXBuildFile; fileRef = BE23E797100B13E200F40C3B /* TTModel.h */; };
		BE52E93F100D7DEE00E03DB7 /* TTModelViewController.h in Headers */ = {isa = PBXBuildFile; fileRef = BE52E93E100D7DEE00E03DB7 /* TTModelViewController.h */; };
		BE52E941100D7DFD00E03DB7 /* TTModelViewController.m in Sources */ = {isa = PBXBuildFile; fileRef = BE52E940100D7DFD00E03DB7 /* TTModelViewController.m */; };
		BE52E994100D8EF800E03DB7 /* TTModel.m in Sources */ = {isa = PBXBuildFile; fileRef = BE52E993100D8EF800E03DB7 /* TTModel.m */; };
		BE7DD3A71001EDE000662212 /* UINavigationControllerAdditions.m in Sources */ = {isa = PBXBuildFile; fileRef = BE7DD3A51001EDE000662212 /* UINavigationControllerAdditions.m */; };
		BE7DD3A81001EDE000662212 /* UITabBarControllerAdditions.m in Sources */ = {isa = PBXBuildFile; fileRef = BE7DD3A61001EDE000662212 /* UITabBarControllerAdditions.m */; };
		BE7DD3AB1001EDFF00662212 /* UINavigationControllerAdditions.h in Headers */ = {isa = PBXBuildFile; fileRef = BE7DD3A91001EDFF00662212 /* UINavigationControllerAdditions.h */; };
		BE7DD3AC1001EDFF00662212 /* UITabBarControllerAdditions.h in Headers */ = {isa = PBXBuildFile; fileRef = BE7DD3AA1001EDFF00662212 /* UITabBarControllerAdditions.h */; };
		BE8A9C170F4143C800FD8C43 /* TTURLRequestQueue.m in Sources */ = {isa = PBXBuildFile; fileRef = BE8A9C160F4143C800FD8C43 /* TTURLRequestQueue.m */; };
		BE8A9C190F4143DA00FD8C43 /* TTURLRequestQueue.h in Headers */ = {isa = PBXBuildFile; fileRef = BE8A9C180F4143DA00FD8C43 /* TTURLRequestQueue.h */; };
		BE8AA1910F428A3700FD8C43 /* UIViewControllerAdditions.m in Sources */ = {isa = PBXBuildFile; fileRef = BE8AA1900F428A3700FD8C43 /* UIViewControllerAdditions.m */; };
		BE8AA1930F428A4900FD8C43 /* UIViewControllerAdditions.h in Headers */ = {isa = PBXBuildFile; fileRef = BE8AA1920F428A4900FD8C43 /* UIViewControllerAdditions.h */; };
		BEA6B8E41013FC3400B83B3A /* UIFontAdditions.h in Headers */ = {isa = PBXBuildFile; fileRef = BEA6B8E31013FC3400B83B3A /* UIFontAdditions.h */; };
		BEA6B8E61013FC4900B83B3A /* UIFontAdditions.m in Sources */ = {isa = PBXBuildFile; fileRef = BEA6B8E51013FC4900B83B3A /* UIFontAdditions.m */; };
		BEA7624E0FBA1E220091B567 /* NSDateAdditions.m in Sources */ = {isa = PBXBuildFile; fileRef = BEA7624D0FBA1E220091B567 /* NSDateAdditions.m */; };
		BEA762500FBA1E290091B567 /* NSDateAdditions.h in Headers */ = {isa = PBXBuildFile; fileRef = BEA7624F0FBA1E290091B567 /* NSDateAdditions.h */; };
		BEAF21220F4D329600D75F3B /* NSObjectAdditions.m in Sources */ = {isa = PBXBuildFile; fileRef = BEAF211B0F4D329600D75F3B /* NSObjectAdditions.m */; };
		BEAF21230F4D329600D75F3B /* UIColorAdditions.m in Sources */ = {isa = PBXBuildFile; fileRef = BEAF211C0F4D329600D75F3B /* UIColorAdditions.m */; };
		BEAF21240F4D329600D75F3B /* UIImageAdditions.m in Sources */ = {isa = PBXBuildFile; fileRef = BEAF211D0F4D329600D75F3B /* UIImageAdditions.m */; };
		BEAF21250F4D329600D75F3B /* UITableViewAdditions.m in Sources */ = {isa = PBXBuildFile; fileRef = BEAF211E0F4D329600D75F3B /* UITableViewAdditions.m */; };
		BEAF21260F4D329600D75F3B /* UIToolbarAdditions.m in Sources */ = {isa = PBXBuildFile; fileRef = BEAF211F0F4D329600D75F3B /* UIToolbarAdditions.m */; };
		BEAF21270F4D329600D75F3B /* UIViewAdditions.m in Sources */ = {isa = PBXBuildFile; fileRef = BEAF21200F4D329600D75F3B /* UIViewAdditions.m */; };
		BEAF21280F4D329600D75F3B /* UIWebViewAdditions.m in Sources */ = {isa = PBXBuildFile; fileRef = BEAF21210F4D329600D75F3B /* UIWebViewAdditions.m */; };
		BEAF213C0F4D32E100D75F3B /* NSObjectAdditions.h in Headers */ = {isa = PBXBuildFile; fileRef = BEAF21350F4D32E100D75F3B /* NSObjectAdditions.h */; };
		BEAF213D0F4D32E100D75F3B /* UIColorAdditions.h in Headers */ = {isa = PBXBuildFile; fileRef = BEAF21360F4D32E100D75F3B /* UIColorAdditions.h */; };
		BEAF213E0F4D32E100D75F3B /* UIImageAdditions.h in Headers */ = {isa = PBXBuildFile; fileRef = BEAF21370F4D32E100D75F3B /* UIImageAdditions.h */; };
		BEAF213F0F4D32E100D75F3B /* UITableViewAdditions.h in Headers */ = {isa = PBXBuildFile; fileRef = BEAF21380F4D32E100D75F3B /* UITableViewAdditions.h */; };
		BEAF21400F4D32E100D75F3B /* UIToolbarAdditions.h in Headers */ = {isa = PBXBuildFile; fileRef = BEAF21390F4D32E100D75F3B /* UIToolbarAdditions.h */; };
		BEAF21410F4D32E100D75F3B /* UIViewAdditions.h in Headers */ = {isa = PBXBuildFile; fileRef = BEAF213A0F4D32E100D75F3B /* UIViewAdditions.h */; };
		BEAF21420F4D32E100D75F3B /* UIWebViewAdditions.h in Headers */ = {isa = PBXBuildFile; fileRef = BEAF213B0F4D32E100D75F3B /* UIWebViewAdditions.h */; };
		BEB210D20FA3E77E007DEE5F /* NSStringAdditions.m in Sources */ = {isa = PBXBuildFile; fileRef = BEB210D10FA3E77E007DEE5F /* NSStringAdditions.m */; };
		BEB210D40FA3E784007DEE5F /* NSStringAdditions.h in Headers */ = {isa = PBXBuildFile; fileRef = BEB210D30FA3E784007DEE5F /* NSStringAdditions.h */; };
		BEB460830F8EE14C004B34A0 /* TTLabel.h in Headers */ = {isa = PBXBuildFile; fileRef = BEB460820F8EE14C004B34A0 /* TTLabel.h */; };
		BEB460850F8EE156004B34A0 /* TTLabel.m in Sources */ = {isa = PBXBuildFile; fileRef = BEB460840F8EE156004B34A0 /* TTLabel.m */; };
		BEC270B20F8C9D1900EA638F /* TTLayout.h in Headers */ = {isa = PBXBuildFile; fileRef = BEC270B10F8C9D1900EA638F /* TTLayout.h */; };
		BEC270B40F8C9D2600EA638F /* TTLayout.m in Sources */ = {isa = PBXBuildFile; fileRef = BEC270B30F8C9D2600EA638F /* TTLayout.m */; };
		BED623920F50F34B003EF242 /* NSArrayAdditions.h in Headers */ = {isa = PBXBuildFile; fileRef = BED623910F50F34B003EF242 /* NSArrayAdditions.h */; };
		BED623940F50F350003EF242 /* NSArrayAdditions.m in Sources */ = {isa = PBXBuildFile; fileRef = BED623930F50F350003EF242 /* NSArrayAdditions.m */; };
		BEDCF3270F4EBE1D0060B7D1 /* TTURLResponse.m in Sources */ = {isa = PBXBuildFile; fileRef = BEDCF3260F4EBE1D0060B7D1 /* TTURLResponse.m */; };
		BEDCF3290F4EBE2F0060B7D1 /* TTURLResponse.h in Headers */ = {isa = PBXBuildFile; fileRef = BEDCF3280F4EBE2F0060B7D1 /* TTURLResponse.h */; };
		BEF31F720F352E64000DE5D2 /* TTGlobal.m in Sources */ = {isa = PBXBuildFile; fileRef = BEF31F480F352E64000DE5D2 /* TTGlobal.m */; };
		BEF31F730F352E64000DE5D2 /* TTImageView.m in Sources */ = {isa = PBXBuildFile; fileRef = BEF31F490F352E64000DE5D2 /* TTImageView.m */; };
		BEF31F740F352E64000DE5D2 /* TTView.m in Sources */ = {isa = PBXBuildFile; fileRef = BEF31F4A0F352E64000DE5D2 /* TTView.m */; };
		BEF31F750F352E64000DE5D2 /* TTPhotoView.m in Sources */ = {isa = PBXBuildFile; fileRef = BEF31F4B0F352E64000DE5D2 /* TTPhotoView.m */; };
		BEF31F760F352E64000DE5D2 /* TTPhotoViewController.m in Sources */ = {isa = PBXBuildFile; fileRef = BEF31F4C0F352E64000DE5D2 /* TTPhotoViewController.m */; };
		BEF31F770F352E64000DE5D2 /* TTScrollView.m in Sources */ = {isa = PBXBuildFile; fileRef = BEF31F4D0F352E64000DE5D2 /* TTScrollView.m */; };
		BEF31F7E0F352E64000DE5D2 /* TTURLCache.m in Sources */ = {isa = PBXBuildFile; fileRef = BEF31F540F352E64000DE5D2 /* TTURLCache.m */; };
		BEF31F800F352E64000DE5D2 /* TTURLRequest.m in Sources */ = {isa = PBXBuildFile; fileRef = BEF31F560F352E64000DE5D2 /* TTURLRequest.m */; };
		BEF31F810F352E64000DE5D2 /* TTViewController.m in Sources */ = {isa = PBXBuildFile; fileRef = BEF31F570F352E64000DE5D2 /* TTViewController.m */; };
		BEF31F850F352E64000DE5D2 /* TTGlobal.h in Headers */ = {isa = PBXBuildFile; fileRef = BEF31F5C0F352E64000DE5D2 /* TTGlobal.h */; };
		BEF31F860F352E64000DE5D2 /* TTImageView.h in Headers */ = {isa = PBXBuildFile; fileRef = BEF31F5D0F352E64000DE5D2 /* TTImageView.h */; };
		BEF31F880F352E64000DE5D2 /* TTView.h in Headers */ = {isa = PBXBuildFile; fileRef = BEF31F5F0F352E64000DE5D2 /* TTView.h */; };
		BEF31F890F352E64000DE5D2 /* TTPhotoSource.h in Headers */ = {isa = PBXBuildFile; fileRef = BEF31F600F352E64000DE5D2 /* TTPhotoSource.h */; };
		BEF31F8A0F352E64000DE5D2 /* TTPhotoView.h in Headers */ = {isa = PBXBuildFile; fileRef = BEF31F610F352E64000DE5D2 /* TTPhotoView.h */; };
		BEF31F8B0F352E64000DE5D2 /* TTPhotoViewController.h in Headers */ = {isa = PBXBuildFile; fileRef = BEF31F620F352E64000DE5D2 /* TTPhotoViewController.h */; };
		BEF31F8C0F352E64000DE5D2 /* TTScrollView.h in Headers */ = {isa = PBXBuildFile; fileRef = BEF31F630F352E64000DE5D2 /* TTScrollView.h */; };
		BEF31F930F352E64000DE5D2 /* TTURLCache.h in Headers */ = {isa = PBXBuildFile; fileRef = BEF31F6A0F352E64000DE5D2 /* TTURLCache.h */; };
		BEF31F950F352E64000DE5D2 /* TTURLRequest.h in Headers */ = {isa = PBXBuildFile; fileRef = BEF31F6C0F352E64000DE5D2 /* TTURLRequest.h */; };
		BEF31F960F352E64000DE5D2 /* TTViewController.h in Headers */ = {isa = PBXBuildFile; fileRef = BEF31F6D0F352E64000DE5D2 /* TTViewController.h */; };
		BEF31F980F352E64000DE5D2 /* PhotoViewer.h in Headers */ = {isa = PBXBuildFile; fileRef = BEF31F6F0F352E64000DE5D2 /* PhotoViewer.h */; };
		BEF320350F352E7A000DE5D2 /* UIKit.framework in Frameworks */ = {isa = PBXBuildFile; fileRef = 1DF5F4DF0D08C38300B7A737 /* UIKit.framework */; };
		BEF320360F352E7A000DE5D2 /* Foundation.framework in Frameworks */ = {isa = PBXBuildFile; fileRef = 1D30AB110D05D00D00671497 /* Foundation.framework */; };
		BEF320370F352E7A000DE5D2 /* CoreGraphics.framework in Frameworks */ = {isa = PBXBuildFile; fileRef = 288765A40DF7441C002DB57D /* CoreGraphics.framework */; };
		C6620EAD109CEDA400EC35C6 /* UIWindowAdditions.h in Headers */ = {isa = PBXBuildFile; fileRef = C6620EAB109CEDA400EC35C6 /* UIWindowAdditions.h */; };
		C6620EAE109CEDA400EC35C6 /* UIWindowAdditions.m in Sources */ = {isa = PBXBuildFile; fileRef = C6620EAC109CEDA400EC35C6 /* UIWindowAdditions.m */; };
		EBA17A2010B4DDD500835016 /* NSDataAdditions.m in Sources */ = {isa = PBXBuildFile; fileRef = EBA17A1E10B4DDD500835016 /* NSDataAdditions.m */; };
		EBA17A3810B4DF5E00835016 /* NSDataAdditions.h in Headers */ = {isa = PBXBuildFile; fileRef = EBA17A3710B4DF5E00835016 /* NSDataAdditions.h */; };
/* End PBXBuildFile section */

/* Begin PBXFileReference section */
		1D30AB110D05D00D00671497 /* Foundation.framework */ = {isa = PBXFileReference; lastKnownFileType = wrapper.framework; name = Foundation.framework; path = System/Library/Frameworks/Foundation.framework; sourceTree = SDKROOT; };
		1DF5F4DF0D08C38300B7A737 /* UIKit.framework */ = {isa = PBXFileReference; lastKnownFileType = wrapper.framework; name = UIKit.framework; path = System/Library/Frameworks/UIKit.framework; sourceTree = SDKROOT; };
		286D1C7C10BAEAEE00093AD8 /* TTThumbsViewController.h */ = {isa = PBXFileReference; fileEncoding = 4; lastKnownFileType = sourcecode.c.h; name = TTThumbsViewController.h; path = PhotoViewer/TTThumbsViewController.h; sourceTree = "<group>"; };
		286D1C7D10BAEAEE00093AD8 /* TTThumbsViewController.m */ = {isa = PBXFileReference; fileEncoding = 4; lastKnownFileType = sourcecode.c.objc; path = TTThumbsViewController.m; sourceTree = "<group>"; };
		288765A40DF7441C002DB57D /* CoreGraphics.framework */ = {isa = PBXFileReference; lastKnownFileType = wrapper.framework; name = CoreGraphics.framework; path = System/Library/Frameworks/CoreGraphics.framework; sourceTree = SDKROOT; };
		6E35CCB410912B210066B478 /* NSMutableArrayAdditions.m */ = {isa = PBXFileReference; fileEncoding = 4; lastKnownFileType = sourcecode.c.objc; path = NSMutableArrayAdditions.m; sourceTree = "<group>"; };
		6E35CCC010912BE10066B478 /* NSMutableDictionaryAdditions.m */ = {isa = PBXFileReference; fileEncoding = 4; lastKnownFileType = sourcecode.c.objc; path = NSMutableDictionaryAdditions.m; sourceTree = "<group>"; };
		6E35CCFB10912C870066B478 /* NSMutableDictionaryAdditions.h */ = {isa = PBXFileReference; fileEncoding = 4; lastKnownFileType = sourcecode.c.h; name = NSMutableDictionaryAdditions.h; path = PhotoViewer/NSMutableDictionaryAdditions.h; sourceTree = "<group>"; };
		6E35CCFC10912C870066B478 /* NSMutableArrayAdditions.h */ = {isa = PBXFileReference; fileEncoding = 4; lastKnownFileType = sourcecode.c.h; name = NSMutableArrayAdditions.h; path = PhotoViewer/NSMutableArrayAdditions.h; sourceTree = "<group>"; };
		BE23E797100B13E200F40C3B /* TTModel.h */ = {isa = PBXFileReference; fileEncoding = 4; lastKnownFileType = sourcecode.c.h; name = TTModel.h; path = PhotoViewer/TTModel.h; sourceTree = "<group>"; };
		BE52E93E100D7DEE00E03DB7 /* TTModelViewController.h */ = {isa = PBXFileReference; fileEncoding = 4; lastKnownFileType = sourcecode.c.h; name = TTModelViewController.h; path = PhotoViewer/TTModelViewController.h; sourceTree = "<group>"; };
		BE52E940100D7DFD00E03DB7 /* TTModelViewController.m */ = {isa = PBXFileReference; fileEncoding = 4; lastKnownFileType = sourcecode.c.objc; path = TTModelViewController.m; sourceTree = "<group>"; };
		BE52E993100D8EF800E03DB7 /* TTModel.m */ = {isa = PBXFileReference; fileEncoding = 4; lastKnownFileType = sourcecode.c.objc; path = TTModel.m; sourceTree = "<group>"; };
		BE7DD3A51001EDE000662212 /* UINavigationControllerAdditions.m */ = {isa = PBXFileReference; fileEncoding = 4; lastKnownFileType = sourcecode.c.objc; path = UINavigationControllerAdditions.m; sourceTree = "<group>"; };
		BE7DD3A61001EDE000662212 /* UITabBarControllerAdditions.m */ = {isa = PBXFileReference; fileEncoding = 4; lastKnownFileType = sourcecode.c.objc; path = UITabBarControllerAdditions.m; sourceTree = "<group>"; };
		BE7DD3A91001EDFF00662212 /* UINavigationControllerAdditions.h */ = {isa = PBXFileReference; fileEncoding = 4; lastKnownFileType = sourcecode.c.h; name = UINavigationControllerAdditions.h; path = PhotoViewer/UINavigationControllerAdditions.h; sourceTree = "<group>"; };
		BE7DD3AA1001EDFF00662212 /* UITabBarControllerAdditions.h */ = {isa = PBXFileReference; fileEncoding = 4; lastKnownFileType = sourcecode.c.h; name = UITabBarControllerAdditions.h; path = PhotoViewer/UITabBarControllerAdditions.h; sourceTree = "<group>"; };
		BE8A9C160F4143C800FD8C43 /* TTURLRequestQueue.m */ = {isa = PBXFileReference; fileEncoding = 4; lastKnownFileType = sourcecode.c.objc; path = TTURLRequestQueue.m; sourceTree = "<group>"; };
		BE8A9C180F4143DA00FD8C43 /* TTURLRequestQueue.h */ = {isa = PBXFileReference; fileEncoding = 4; lastKnownFileType = sourcecode.c.h; name = TTURLRequestQueue.h; path = PhotoViewer/TTURLRequestQueue.h; sourceTree = "<group>"; };
		BE8AA1900F428A3700FD8C43 /* UIViewControllerAdditions.m */ = {isa = PBXFileReference; fileEncoding = 4; lastKnownFileType = sourcecode.c.objc; path = UIViewControllerAdditions.m; sourceTree = "<group>"; };
		BE8AA1920F428A4900FD8C43 /* UIViewControllerAdditions.h */ = {isa = PBXFileReference; fileEncoding = 4; lastKnownFileType = sourcecode.c.h; name = UIViewControllerAdditions.h; path = PhotoViewer/UIViewControllerAdditions.h; sourceTree = "<group>"; };
		BEA6B8E31013FC3400B83B3A /* UIFontAdditions.h */ = {isa = PBXFileReference; fileEncoding = 4; lastKnownFileType = sourcecode.c.h; name = UIFontAdditions.h; path = PhotoViewer/UIFontAdditions.h; sourceTree = "<group>"; };
		BEA6B8E51013FC4900B83B3A /* UIFontAdditions.m */ = {isa = PBXFileReference; fileEncoding = 4; lastKnownFileType = sourcecode.c.objc; path = UIFontAdditions.m; sourceTree = "<group>"; };
		BEA7624D0FBA1E220091B567 /* NSDateAdditions.m */ = {isa = PBXFileReference; fileEncoding = 4; lastKnownFileType = sourcecode.c.objc; path = NSDateAdditions.m; sourceTree = "<group>"; };
		BEA7624F0FBA1E290091B567 /* NSDateAdditions.h */ = {isa = PBXFileReference; fileEncoding = 4; lastKnownFileType = sourcecode.c.h; name = NSDateAdditions.h; path = PhotoViewer/NSDateAdditions.h; sourceTree = "<group>"; };
		BEAF211B0F4D329600D75F3B /* NSObjectAdditions.m */ = {isa = PBXFileReference; fileEncoding = 4; lastKnownFileType = sourcecode.c.objc; path = NSObjectAdditions.m; sourceTree = "<group>"; };
		BEAF211C0F4D329600D75F3B /* UIColorAdditions.m */ = {isa = PBXFileReference; fileEncoding = 4; lastKnownFileType = sourcecode.c.objc; path = UIColorAdditions.m; sourceTree = "<group>"; };
		BEAF211D0F4D329600D75F3B /* UIImageAdditions.m */ = {isa = PBXFileReference; fileEncoding = 4; lastKnownFileType = sourcecode.c.objc; path = UIImageAdditions.m; sourceTree = "<group>"; };
		BEAF211E0F4D329600D75F3B /* UITableViewAdditions.m */ = {isa = PBXFileReference; fileEncoding = 4; lastKnownFileType = sourcecode.c.objc; path = UITableViewAdditions.m; sourceTree = "<group>"; };
		BEAF211F0F4D329600D75F3B /* UIToolbarAdditions.m */ = {isa = PBXFileReference; fileEncoding = 4; lastKnownFileType = sourcecode.c.objc; path = UIToolbarAdditions.m; sourceTree = "<group>"; };
		BEAF21200F4D329600D75F3B /* UIViewAdditions.m */ = {isa = PBXFileReference; fileEncoding = 4; lastKnownFileType = sourcecode.c.objc; path = UIViewAdditions.m; sourceTree = "<group>"; };
		BEAF21210F4D329600D75F3B /* UIWebViewAdditions.m */ = {isa = PBXFileReference; fileEncoding = 4; lastKnownFileType = sourcecode.c.objc; path = UIWebViewAdditions.m; sourceTree = "<group>"; };
		BEAF21350F4D32E100D75F3B /* NSObjectAdditions.h */ = {isa = PBXFileReference; fileEncoding = 4; lastKnownFileType = sourcecode.c.h; name = NSObjectAdditions.h; path = PhotoViewer/NSObjectAdditions.h; sourceTree = "<group>"; };
		BEAF21360F4D32E100D75F3B /* UIColorAdditions.h */ = {isa = PBXFileReference; fileEncoding = 4; lastKnownFileType = sourcecode.c.h; name = UIColorAdditions.h; path = PhotoViewer/UIColorAdditions.h; sourceTree = "<group>"; };
		BEAF21370F4D32E100D75F3B /* UIImageAdditions.h */ = {isa = PBXFileReference; fileEncoding = 4; lastKnownFileType = sourcecode.c.h; name = UIImageAdditions.h; path = PhotoViewer/UIImageAdditions.h; sourceTree = "<group>"; };
		BEAF21380F4D32E100D75F3B /* UITableViewAdditions.h */ = {isa = PBXFileReference; fileEncoding = 4; lastKnownFileType = sourcecode.c.h; name = UITableViewAdditions.h; path = PhotoViewer/UITableViewAdditions.h; sourceTree = "<group>"; };
		BEAF21390F4D32E100D75F3B /* UIToolbarAdditions.h */ = {isa = PBXFileReference; fileEncoding = 4; lastKnownFileType = sourcecode.c.h; name = UIToolbarAdditions.h; path = PhotoViewer/UIToolbarAdditions.h; sourceTree = "<group>"; };
		BEAF213A0F4D32E100D75F3B /* UIViewAdditions.h */ = {isa = PBXFileReference; fileEncoding = 4; lastKnownFileType = sourcecode.c.h; name = UIViewAdditions.h; path = PhotoViewer/UIViewAdditions.h; sourceTree = "<group>"; };
		BEAF213B0F4D32E100D75F3B /* UIWebViewAdditions.h */ = {isa = PBXFileReference; fileEncoding = 4; lastKnownFileType = sourcecode.c.h; name = UIWebViewAdditions.h; path = PhotoViewer/UIWebViewAdditions.h; sourceTree = "<group>"; };
		BEB210D10FA3E77E007DEE5F /* NSStringAdditions.m */ = {isa = PBXFileReference; fileEncoding = 4; lastKnownFileType = sourcecode.c.objc; path = NSStringAdditions.m; sourceTree = "<group>"; };
		BEB210D30FA3E784007DEE5F /* NSStringAdditions.h */ = {isa = PBXFileReference; fileEncoding = 4; lastKnownFileType = sourcecode.c.h; name = NSStringAdditions.h; path = PhotoViewer/NSStringAdditions.h; sourceTree = "<group>"; };
		BEB460820F8EE14C004B34A0 /* TTLabel.h */ = {isa = PBXFileReference; fileEncoding = 4; lastKnownFileType = sourcecode.c.h; name = TTLabel.h; path = PhotoViewer/TTLabel.h; sourceTree = "<group>"; };
		BEB460840F8EE156004B34A0 /* TTLabel.m */ = {isa = PBXFileReference; fileEncoding = 4; lastKnownFileType = sourcecode.c.objc; path = TTLabel.m; sourceTree = "<group>"; };
		BEC270B10F8C9D1900EA638F /* TTLayout.h */ = {isa = PBXFileReference; fileEncoding = 4; lastKnownFileType = sourcecode.c.h; name = TTLayout.h; path = PhotoViewer/TTLayout.h; sourceTree = "<group>"; };
		BEC270B30F8C9D2600EA638F /* TTLayout.m */ = {isa = PBXFileReference; fileEncoding = 4; lastKnownFileType = sourcecode.c.objc; path = TTLayout.m; sourceTree = "<group>"; };
		BED623910F50F34B003EF242 /* NSArrayAdditions.h */ = {isa = PBXFileReference; fileEncoding = 4; lastKnownFileType = sourcecode.c.h; name = NSArrayAdditions.h; path = PhotoViewer/NSArrayAdditions.h; sourceTree = "<group>"; };
		BED623930F50F350003EF242 /* NSArrayAdditions.m */ = {isa = PBXFileReference; fileEncoding = 4; lastKnownFileType = sourcecode.c.objc; path = NSArrayAdditions.m; sourceTree = "<group>"; };
		BEDCF3260F4EBE1D0060B7D1 /* TTURLResponse.m */ = {isa = PBXFileReference; fileEncoding = 4; lastKnownFileType = sourcecode.c.objc; path = TTURLResponse.m; sourceTree = "<group>"; };
		BEDCF3280F4EBE2F0060B7D1 /* TTURLResponse.h */ = {isa = PBXFileReference; fileEncoding = 4; lastKnownFileType = sourcecode.c.h; name = TTURLResponse.h; path = PhotoViewer/TTURLResponse.h; sourceTree = "<group>"; };
		BEF31F3A0F352DF5000DE5D2 /* libPhotoViewer.a */ = {isa = PBXFileReference; explicitFileType = archive.ar; includeInIndex = 0; path = libPhotoViewer.a; sourceTree = BUILT_PRODUCTS_DIR; };
		BEF31F480F352E64000DE5D2 /* TTGlobal.m */ = {isa = PBXFileReference; fileEncoding = 4; lastKnownFileType = sourcecode.c.objc; path = TTGlobal.m; sourceTree = "<group>"; };
		BEF31F490F352E64000DE5D2 /* TTImageView.m */ = {isa = PBXFileReference; fileEncoding = 4; lastKnownFileType = sourcecode.c.objc; path = TTImageView.m; sourceTree = "<group>"; };
		BEF31F4A0F352E64000DE5D2 /* TTView.m */ = {isa = PBXFileReference; fileEncoding = 4; lastKnownFileType = sourcecode.c.objc; path = TTView.m; sourceTree = "<group>"; };
		BEF31F4B0F352E64000DE5D2 /* TTPhotoView.m */ = {isa = PBXFileReference; fileEncoding = 4; lastKnownFileType = sourcecode.c.objc; path = TTPhotoView.m; sourceTree = "<group>"; };
		BEF31F4C0F352E64000DE5D2 /* TTPhotoViewController.m */ = {isa = PBXFileReference; fileEncoding = 4; lastKnownFileType = sourcecode.c.objc; path = TTPhotoViewController.m; sourceTree = "<group>"; };
		BEF31F4D0F352E64000DE5D2 /* TTScrollView.m */ = {isa = PBXFileReference; fileEncoding = 4; lastKnownFileType = sourcecode.c.objc; path = TTScrollView.m; sourceTree = "<group>"; };
		BEF31F540F352E64000DE5D2 /* TTURLCache.m */ = {isa = PBXFileReference; fileEncoding = 4; lastKnownFileType = sourcecode.c.objc; path = TTURLCache.m; sourceTree = "<group>"; };
		BEF31F560F352E64000DE5D2 /* TTURLRequest.m */ = {isa = PBXFileReference; fileEncoding = 4; lastKnownFileType = sourcecode.c.objc; path = TTURLRequest.m; sourceTree = "<group>"; };
		BEF31F570F352E64000DE5D2 /* TTViewController.m */ = {isa = PBXFileReference; fileEncoding = 4; lastKnownFileType = sourcecode.c.objc; path = TTViewController.m; sourceTree = "<group>"; };
		BEF31F5C0F352E64000DE5D2 /* TTGlobal.h */ = {isa = PBXFileReference; fileEncoding = 4; lastKnownFileType = sourcecode.c.h; name = TTGlobal.h; path = PhotoViewer/TTGlobal.h; sourceTree = "<group>"; };
		BEF31F5D0F352E64000DE5D2 /* TTImageView.h */ = {isa = PBXFileReference; fileEncoding = 4; lastKnownFileType = sourcecode.c.h; name = TTImageView.h; path = PhotoViewer/TTImageView.h; sourceTree = "<group>"; };
		BEF31F5F0F352E64000DE5D2 /* TTView.h */ = {isa = PBXFileReference; fileEncoding = 4; lastKnownFileType = sourcecode.c.h; name = TTView.h; path = PhotoViewer/TTView.h; sourceTree = "<group>"; };
		BEF31F600F352E64000DE5D2 /* TTPhotoSource.h */ = {isa = PBXFileReference; fileEncoding = 4; lastKnownFileType = sourcecode.c.h; name = TTPhotoSource.h; path = PhotoViewer/TTPhotoSource.h; sourceTree = "<group>"; };
		BEF31F610F352E64000DE5D2 /* TTPhotoView.h */ = {isa = PBXFileReference; fileEncoding = 4; lastKnownFileType = sourcecode.c.h; name = TTPhotoView.h; path = PhotoViewer/TTPhotoView.h; sourceTree = "<group>"; };
		BEF31F620F352E64000DE5D2 /* TTPhotoViewController.h */ = {isa = PBXFileReference; fileEncoding = 4; lastKnownFileType = sourcecode.c.h; name = TTPhotoViewController.h; path = PhotoViewer/TTPhotoViewController.h; sourceTree = "<group>"; };
		BEF31F630F352E64000DE5D2 /* TTScrollView.h */ = {isa = PBXFileReference; fileEncoding = 4; lastKnownFileType = sourcecode.c.h; name = TTScrollView.h; path = PhotoViewer/TTScrollView.h; sourceTree = "<group>"; };
		BEF31F6A0F352E64000DE5D2 /* TTURLCache.h */ = {isa = PBXFileReference; fileEncoding = 4; lastKnownFileType = sourcecode.c.h; name = TTURLCache.h; path = PhotoViewer/TTURLCache.h; sourceTree = "<group>"; };
		BEF31F6C0F352E64000DE5D2 /* TTURLRequest.h */ = {isa = PBXFileReference; fileEncoding = 4; lastKnownFileType = sourcecode.c.h; name = TTURLRequest.h; path = PhotoViewer/TTURLRequest.h; sourceTree = "<group>"; };
		BEF31F6D0F352E64000DE5D2 /* TTViewController.h */ = {isa = PBXFileReference; fileEncoding = 4; lastKnownFileType = sourcecode.c.h; name = TTViewController.h; path = PhotoViewer/TTViewController.h; sourceTree = "<group>"; };
		BEF31F6F0F352E64000DE5D2 /* PhotoViewer.h */ = {isa = PBXFileReference; fileEncoding = 4; lastKnownFileType = sourcecode.c.h; name = PhotoViewer.h; path = PhotoViewer/PhotoViewer.h; sourceTree = "<group>"; };
		C6620EAB109CEDA400EC35C6 /* UIWindowAdditions.h */ = {isa = PBXFileReference; fileEncoding = 4; lastKnownFileType = sourcecode.c.h; name = UIWindowAdditions.h; path = PhotoViewer/UIWindowAdditions.h; sourceTree = "<group>"; };
		C6620EAC109CEDA400EC35C6 /* UIWindowAdditions.m */ = {isa = PBXFileReference; fileEncoding = 4; lastKnownFileType = sourcecode.c.objc; path = UIWindowAdditions.m; sourceTree = "<group>"; };
		EBA17A1E10B4DDD500835016 /* NSDataAdditions.m */ = {isa = PBXFileReference; fileEncoding = 4; lastKnownFileType = sourcecode.c.objc; path = NSDataAdditions.m; sourceTree = "<group>"; };
		EBA17A3710B4DF5E00835016 /* NSDataAdditions.h */ = {isa = PBXFileReference; fileEncoding = 4; lastKnownFileType = sourcecode.c.h; name = NSDataAdditions.h; path = PhotoViewer/NSDataAdditions.h; sourceTree = "<group>"; };
/* End PBXFileReference section */

/* Begin PBXFrameworksBuildPhase section */
		BEF31F380F352DF5000DE5D2 /* Frameworks */ = {
			isa = PBXFrameworksBuildPhase;
			buildActionMask = 2147483647;
			files = (
				BEF320350F352E7A000DE5D2 /* UIKit.framework in Frameworks */,
				BEF320360F352E7A000DE5D2 /* Foundation.framework in Frameworks */,
				BEF320370F352E7A000DE5D2 /* CoreGraphics.framework in Frameworks */,
			);
			runOnlyForDeploymentPostprocessing = 0;
		};
/* End PBXFrameworksBuildPhase section */

/* Begin PBXGroup section */
		19C28FACFE9D520D11CA2CBB /* Products */ = {
			isa = PBXGroup;
			children = (
				BEF31F3A0F352DF5000DE5D2 /* libPhotoViewer.a */,
			);
			name = Products;
			sourceTree = "<group>";
		};
		29B97314FDCFA39411CA2CEA /* CustomTemplate */ = {
			isa = PBXGroup;
			children = (
				BEF321B10F353B25000DE5D2 /* Global */,
				BEF44D4F10182FD800E9EC07 /* Models */,
				BEB46A860F8F8170004B34A0 /* Layout */,
				BEF321B30F353B78000DE5D2 /* View Controllers */,
				BEF31F450F352E64000DE5D2 /* Views */,
				BEB460380F8EDE60004B34A0 /* Labels */,
				BEF321B20F353B50000DE5D2 /* Photos */,
				BEF321B00F353B15000DE5D2 /* Network */,
				BE8AA1870F428A0F00FD8C43 /* Additions */,
				29B97323FDCFA39411CA2CEA /* Frameworks */,
				19C28FACFE9D520D11CA2CBB /* Products */,
			);
			name = CustomTemplate;
			sourceTree = "<group>";
		};
		29B97323FDCFA39411CA2CEA /* Frameworks */ = {
			isa = PBXGroup;
			children = (
				1DF5F4DF0D08C38300B7A737 /* UIKit.framework */,
				1D30AB110D05D00D00671497 /* Foundation.framework */,
				288765A40DF7441C002DB57D /* CoreGraphics.framework */,
			);
			name = Frameworks;
			sourceTree = "<group>";
		};
		BE8AA1870F428A0F00FD8C43 /* Additions */ = {
			isa = PBXGroup;
			children = (
				BEAF21350F4D32E100D75F3B /* NSObjectAdditions.h */,
				BEAF211B0F4D329600D75F3B /* NSObjectAdditions.m */,
				BEB210D30FA3E784007DEE5F /* NSStringAdditions.h */,
				BEB210D10FA3E77E007DEE5F /* NSStringAdditions.m */,
				BEA7624F0FBA1E290091B567 /* NSDateAdditions.h */,
				BEA7624D0FBA1E220091B567 /* NSDateAdditions.m */,
				BED623910F50F34B003EF242 /* NSArrayAdditions.h */,
				BED623930F50F350003EF242 /* NSArrayAdditions.m */,
				BEAF21360F4D32E100D75F3B /* UIColorAdditions.h */,
				BEAF211C0F4D329600D75F3B /* UIColorAdditions.m */,
				BEA6B8E31013FC3400B83B3A /* UIFontAdditions.h */,
				BEA6B8E51013FC4900B83B3A /* UIFontAdditions.m */,
				BEAF21370F4D32E100D75F3B /* UIImageAdditions.h */,
				BEAF211D0F4D329600D75F3B /* UIImageAdditions.m */,
				BE8AA1920F428A4900FD8C43 /* UIViewControllerAdditions.h */,
				BE8AA1900F428A3700FD8C43 /* UIViewControllerAdditions.m */,
				BE7DD3A91001EDFF00662212 /* UINavigationControllerAdditions.h */,
				BE7DD3A51001EDE000662212 /* UINavigationControllerAdditions.m */,
				BE7DD3AA1001EDFF00662212 /* UITabBarControllerAdditions.h */,
				BE7DD3A61001EDE000662212 /* UITabBarControllerAdditions.m */,
				BEAF213A0F4D32E100D75F3B /* UIViewAdditions.h */,
				BEAF21200F4D329600D75F3B /* UIViewAdditions.m */,
				BEAF21380F4D32E100D75F3B /* UITableViewAdditions.h */,
				BEAF211E0F4D329600D75F3B /* UITableViewAdditions.m */,
				BEAF213B0F4D32E100D75F3B /* UIWebViewAdditions.h */,
				BEAF21210F4D329600D75F3B /* UIWebViewAdditions.m */,
				BEAF21390F4D32E100D75F3B /* UIToolbarAdditions.h */,
				BEAF211F0F4D329600D75F3B /* UIToolbarAdditions.m */,
				6E35CCFC10912C870066B478 /* NSMutableArrayAdditions.h */,
				6E35CCB410912B210066B478 /* NSMutableArrayAdditions.m */,
				6E35CCFB10912C870066B478 /* NSMutableDictionaryAdditions.h */,
				6E35CCC010912BE10066B478 /* NSMutableDictionaryAdditions.m */,
				EBA17A3710B4DF5E00835016 /* NSDataAdditions.h */,
				EBA17A1E10B4DDD500835016 /* NSDataAdditions.m */,
				C6620EAB109CEDA400EC35C6 /* UIWindowAdditions.h */,
				C6620EAC109CEDA400EC35C6 /* UIWindowAdditions.m */,
			);
			name = Additions;
			sourceTree = "<group>";
		};
		BEB460380F8EDE60004B34A0 /* Labels */ = {
			isa = PBXGroup;
			children = (
				BEB460820F8EE14C004B34A0 /* TTLabel.h */,
				BEB460840F8EE156004B34A0 /* TTLabel.m */,
			);
			name = Labels;
			sourceTree = "<group>";
		};
		BEB46A860F8F8170004B34A0 /* Layout */ = {
			isa = PBXGroup;
			children = (
				BEC270B10F8C9D1900EA638F /* TTLayout.h */,
				BEC270B30F8C9D2600EA638F /* TTLayout.m */,
			);
			name = Layout;
			sourceTree = "<group>";
		};
		BEF31F450F352E64000DE5D2 /* Views */ = {
			isa = PBXGroup;
			children = (
				BEF31F5F0F352E64000DE5D2 /* TTView.h */,
				BEF31F4A0F352E64000DE5D2 /* TTView.m */,
				BEF31F5D0F352E64000DE5D2 /* TTImageView.h */,
				BEF31F490F352E64000DE5D2 /* TTImageView.m */,
				BEF31F630F352E64000DE5D2 /* TTScrollView.h */,
				BEF31F4D0F352E64000DE5D2 /* TTScrollView.m */,
			);
			name = Views;
			sourceTree = SOURCE_ROOT;
		};
		BEF321B00F353B15000DE5D2 /* Network */ = {
			isa = PBXGroup;
			children = (
				BEF31F6C0F352E64000DE5D2 /* TTURLRequest.h */,
				BEF31F560F352E64000DE5D2 /* TTURLRequest.m */,
				BEDCF3280F4EBE2F0060B7D1 /* TTURLResponse.h */,
				BEDCF3260F4EBE1D0060B7D1 /* TTURLResponse.m */,
				BE8A9C180F4143DA00FD8C43 /* TTURLRequestQueue.h */,
				BE8A9C160F4143C800FD8C43 /* TTURLRequestQueue.m */,
				BEF31F6A0F352E64000DE5D2 /* TTURLCache.h */,
				BEF31F540F352E64000DE5D2 /* TTURLCache.m */,
			);
			name = Network;
			sourceTree = "<group>";
		};
		BEF321B10F353B25000DE5D2 /* Global */ = {
			isa = PBXGroup;
			children = (
				BEF31F6F0F352E64000DE5D2 /* PhotoViewer.h */,
				BEF31F5C0F352E64000DE5D2 /* TTGlobal.h */,
				BEF31F480F352E64000DE5D2 /* TTGlobal.m */,
			);
			name = Global;
			sourceTree = "<group>";
		};
		BEF321B20F353B50000DE5D2 /* Photos */ = {
			isa = PBXGroup;
			children = (
				BEF31F600F352E64000DE5D2 /* TTPhotoSource.h */,
				BEF31F620F352E64000DE5D2 /* TTPhotoViewController.h */,
				BEF31F4C0F352E64000DE5D2 /* TTPhotoViewController.m */,
				BEF31F610F352E64000DE5D2 /* TTPhotoView.h */,
				BEF31F4B0F352E64000DE5D2 /* TTPhotoView.m */,
				286D1C7C10BAEAEE00093AD8 /* TTThumbsViewController.h */,
				286D1C7D10BAEAEE00093AD8 /* TTThumbsViewController.m */,
			);
			name = Photos;
			sourceTree = "<group>";
		};
		BEF321B30F353B78000DE5D2 /* View Controllers */ = {
			isa = PBXGroup;
			children = (
				BEF31F6D0F352E64000DE5D2 /* TTViewController.h */,
				BEF31F570F352E64000DE5D2 /* TTViewController.m */,
			);
			name = "View Controllers";
			sourceTree = "<group>";
		};
		BEF44D4F10182FD800E9EC07 /* Models */ = {
			isa = PBXGroup;
			children = (
				BE23E797100B13E200F40C3B /* TTModel.h */,
				BE52E993100D8EF800E03DB7 /* TTModel.m */,
				BE52E93E100D7DEE00E03DB7 /* TTModelViewController.h */,
				BE52E940100D7DFD00E03DB7 /* TTModelViewController.m */,
			);
			name = Models;
			sourceTree = "<group>";
		};
/* End PBXGroup section */

/* Begin PBXHeadersBuildPhase section */
		BEF31F360F352DF5000DE5D2 /* Headers */ = {
			isa = PBXHeadersBuildPhase;
			buildActionMask = 2147483647;
			files = (
				BEF31F850F352E64000DE5D2 /* TTGlobal.h in Headers */,
				BEF31F860F352E64000DE5D2 /* TTImageView.h in Headers */,
				BEF31F880F352E64000DE5D2 /* TTView.h in Headers */,
				BEF31F890F352E64000DE5D2 /* TTPhotoSource.h in Headers */,
				BEF31F8A0F352E64000DE5D2 /* TTPhotoView.h in Headers */,
				BEF31F8B0F352E64000DE5D2 /* TTPhotoViewController.h in Headers */,
				BEF31F8C0F352E64000DE5D2 /* TTScrollView.h in Headers */,
				BEF31F930F352E64000DE5D2 /* TTURLCache.h in Headers */,
				BEF31F950F352E64000DE5D2 /* TTURLRequest.h in Headers */,
				BEF31F960F352E64000DE5D2 /* TTViewController.h in Headers */,
				BEF31F980F352E64000DE5D2 /* PhotoViewer.h in Headers */,
				BE8A9C190F4143DA00FD8C43 /* TTURLRequestQueue.h in Headers */,
				BE8AA1930F428A4900FD8C43 /* UIViewControllerAdditions.h in Headers */,
				BEAF213C0F4D32E100D75F3B /* NSObjectAdditions.h in Headers */,
				BEAF213D0F4D32E100D75F3B /* UIColorAdditions.h in Headers */,
				BEAF213E0F4D32E100D75F3B /* UIImageAdditions.h in Headers */,
				BEAF213F0F4D32E100D75F3B /* UITableViewAdditions.h in Headers */,
				BEAF21400F4D32E100D75F3B /* UIToolbarAdditions.h in Headers */,
				BEAF21410F4D32E100D75F3B /* UIViewAdditions.h in Headers */,
				BEAF21420F4D32E100D75F3B /* UIWebViewAdditions.h in Headers */,
				BEDCF3290F4EBE2F0060B7D1 /* TTURLResponse.h in Headers */,
				BED623920F50F34B003EF242 /* NSArrayAdditions.h in Headers */,
				BEC270B20F8C9D1900EA638F /* TTLayout.h in Headers */,
				BEB460830F8EE14C004B34A0 /* TTLabel.h in Headers */,
				BEB210D40FA3E784007DEE5F /* NSStringAdditions.h in Headers */,
				BEA762500FBA1E290091B567 /* NSDateAdditions.h in Headers */,
				BE7DD3AB1001EDFF00662212 /* UINavigationControllerAdditions.h in Headers */,
				BE7DD3AC1001EDFF00662212 /* UITabBarControllerAdditions.h in Headers */,
				BE23E798100B13E200F40C3B /* TTModel.h in Headers */,
				BE52E93F100D7DEE00E03DB7 /* TTModelViewController.h in Headers */,
				BEA6B8E41013FC3400B83B3A /* UIFontAdditions.h in Headers */,
				6E35CCFD10912C870066B478 /* NSMutableDictionaryAdditions.h in Headers */,
				6E35CCFE10912C870066B478 /* NSMutableArrayAdditions.h in Headers */,
				EBA17A3810B4DF5E00835016 /* NSDataAdditions.h in Headers */,
				C6620EAD109CEDA400EC35C6 /* UIWindowAdditions.h in Headers */,
				286D1C7E10BAEAEE00093AD8 /* TTThumbsViewController.h in Headers */,
			);
			runOnlyForDeploymentPostprocessing = 0;
		};
/* End PBXHeadersBuildPhase section */

/* Begin PBXNativeTarget section */
		BEF31F390F352DF5000DE5D2 /* PhotoViewer */ = {
			isa = PBXNativeTarget;
			buildConfigurationList = BEF31F410F352E14000DE5D2 /* Build configuration list for PBXNativeTarget "PhotoViewer" */;
			buildPhases = (
				BEF31F360F352DF5000DE5D2 /* Headers */,
				BEF31F370F352DF5000DE5D2 /* Sources */,
				BEF31F380F352DF5000DE5D2 /* Frameworks */,
			);
			buildRules = (
			);
			dependencies = (
			);
			name = PhotoViewer;
			productName = PhotoViewer;
			productReference = BEF31F3A0F352DF5000DE5D2 /* libPhotoViewer.a */;
			productType = "com.apple.product-type.library.static";
		};
/* End PBXNativeTarget section */

/* Begin PBXProject section */
		29B97313FDCFA39411CA2CEA /* Project object */ = {
			isa = PBXProject;
			buildConfigurationList = C01FCF4E08A954540054247B /* Build configuration list for PBXProject "PhotoViewer" */;
			compatibilityVersion = "Xcode 3.1";
			hasScannedForEncodings = 1;
			mainGroup = 29B97314FDCFA39411CA2CEA /* CustomTemplate */;
			projectDirPath = "";
			projectRoot = "";
			targets = (
				BEF31F390F352DF5000DE5D2 /* PhotoViewer */,
			);
		};
/* End PBXProject section */

/* Begin PBXSourcesBuildPhase section */
		BEF31F370F352DF5000DE5D2 /* Sources */ = {
			isa = PBXSourcesBuildPhase;
			buildActionMask = 2147483647;
			files = (
				BEF31F720F352E64000DE5D2 /* TTGlobal.m in Sources */,
				BEF31F730F352E64000DE5D2 /* TTImageView.m in Sources */,
				BEF31F740F352E64000DE5D2 /* TTView.m in Sources */,
				BEF31F750F352E64000DE5D2 /* TTPhotoView.m in Sources */,
				BEF31F760F352E64000DE5D2 /* TTPhotoViewController.m in Sources */,
				BEF31F770F352E64000DE5D2 /* TTScrollView.m in Sources */,
				BEF31F7E0F352E64000DE5D2 /* TTURLCache.m in Sources */,
				BEF31F800F352E64000DE5D2 /* TTURLRequest.m in Sources */,
				BEF31F810F352E64000DE5D2 /* TTViewController.m in Sources */,
				BE8A9C170F4143C800FD8C43 /* TTURLRequestQueue.m in Sources */,
				BE8AA1910F428A3700FD8C43 /* UIViewControllerAdditions.m in Sources */,
				BEAF21220F4D329600D75F3B /* NSObjectAdditions.m in Sources */,
				BEAF21230F4D329600D75F3B /* UIColorAdditions.m in Sources */,
				BEAF21240F4D329600D75F3B /* UIImageAdditions.m in Sources */,
				BEAF21250F4D329600D75F3B /* UITableViewAdditions.m in Sources */,
				BEAF21260F4D329600D75F3B /* UIToolbarAdditions.m in Sources */,
				BEAF21270F4D329600D75F3B /* UIViewAdditions.m in Sources */,
				BEAF21280F4D329600D75F3B /* UIWebViewAdditions.m in Sources */,
				BEDCF3270F4EBE1D0060B7D1 /* TTURLResponse.m in Sources */,
				BED623940F50F350003EF242 /* NSArrayAdditions.m in Sources */,
				BEC270B40F8C9D2600EA638F /* TTLayout.m in Sources */,
				BEB460850F8EE156004B34A0 /* TTLabel.m in Sources */,
				BEB210D20FA3E77E007DEE5F /* NSStringAdditions.m in Sources */,
				BEA7624E0FBA1E220091B567 /* NSDateAdditions.m in Sources */,
				BE7DD3A71001EDE000662212 /* UINavigationControllerAdditions.m in Sources */,
				BE7DD3A81001EDE000662212 /* UITabBarControllerAdditions.m in Sources */,
				BE52E941100D7DFD00E03DB7 /* TTModelViewController.m in Sources */,
				BE52E994100D8EF800E03DB7 /* TTModel.m in Sources */,
				BEA6B8E61013FC4900B83B3A /* UIFontAdditions.m in Sources */,
				6E35CCB610912B210066B478 /* NSMutableArrayAdditions.m in Sources */,
				6E35CCC210912BE10066B478 /* NSMutableDictionaryAdditions.m in Sources */,
				EBA17A2010B4DDD500835016 /* NSDataAdditions.m in Sources */,
				C6620EAE109CEDA400EC35C6 /* UIWindowAdditions.m in Sources */,
				286D1C7F10BAEAEE00093AD8 /* TTThumbsViewController.m in Sources */,
			);
			runOnlyForDeploymentPostprocessing = 0;
		};
/* End PBXSourcesBuildPhase section */

/* Begin XCBuildConfiguration section */
		BEF31F3B0F352DF6000DE5D2 /* Debug */ = {
			isa = XCBuildConfiguration;
			buildSettings = {
				ALWAYS_SEARCH_USER_PATHS = NO;
				COPY_PHASE_STRIP = NO;
				GCC_DYNAMIC_NO_PIC = NO;
				GCC_OPTIMIZATION_LEVEL = 0;
				GCC_PREPROCESSOR_DEFINITIONS = DEBUG;
				PREBINDING = NO;
				PRODUCT_NAME = PhotoViewer;
			};
			name = Debug;
		};
		BEF31F3C0F352DF6000DE5D2 /* Release */ = {
			isa = XCBuildConfiguration;
			buildSettings = {
				ALWAYS_SEARCH_USER_PATHS = NO;
				COPY_PHASE_STRIP = YES;
				DEBUG_INFORMATION_FORMAT = "dwarf-with-dsym";
				GCC_ENABLE_FIX_AND_CONTINUE = NO;
				PREBINDING = NO;
				PRODUCT_NAME = PhotoViewer;
				ZERO_LINK = NO;
			};
			name = Release;
		};
		C01FCF4F08A954540054247B /* Debug */ = {
			isa = XCBuildConfiguration;
			buildSettings = {
				ARCHS = "$(ARCHS_STANDARD_32_BIT)";
				GCC_C_LANGUAGE_STANDARD = c99;
				GCC_WARN_ABOUT_RETURN_TYPE = YES;
				GCC_WARN_UNUSED_VARIABLE = YES;
				HEADER_SEARCH_PATHS = .;
				ONLY_ACTIVE_ARCH = YES;
				OTHER_LDFLAGS = "-ObjC";
				PREBINDING = NO;
				SDKROOT = iphonesimulator3.0;
			};
			name = Debug;
		};
		C01FCF5008A954540054247B /* Release */ = {
			isa = XCBuildConfiguration;
			buildSettings = {
				ARCHS = "$(ARCHS_STANDARD_32_BIT)";
				GCC_C_LANGUAGE_STANDARD = c99;
				GCC_WARN_ABOUT_RETURN_TYPE = YES;
				GCC_WARN_UNUSED_VARIABLE = YES;
				OTHER_LDFLAGS = "-ObjC";
				PREBINDING = NO;
				SDKROOT = iphonesimulator3.0;
			};
			name = Release;
		};
/* End XCBuildConfiguration section */

/* Begin XCConfigurationList section */
		BEF31F410F352E14000DE5D2 /* Build configuration list for PBXNativeTarget "PhotoViewer" */ = {
			isa = XCConfigurationList;
			buildConfigurations = (
				BEF31F3B0F352DF6000DE5D2 /* Debug */,
				BEF31F3C0F352DF6000DE5D2 /* Release */,
			);
			defaultConfigurationIsVisible = 0;
			defaultConfigurationName = Release;
		};
		C01FCF4E08A954540054247B /* Build configuration list for PBXProject "PhotoViewer" */ = {
			isa = XCConfigurationList;
			buildConfigurations = (
				C01FCF4F08A954540054247B /* Debug */,
				C01FCF5008A954540054247B /* Release */,
			);
			defaultConfigurationIsVisible = 0;
			defaultConfigurationName = Release;
		};
/* End XCConfigurationList section */
	};
	rootObject = 29B97313FDCFA39411CA2CEA /* Project object */;
}
